
Microsoft Visual Studio Solution File, Format Version 12.00
# Visual Studio Version 17
VisualStudioVersion = 17.8.34309.116
MinimumVisualStudioVersion = 10.0.40219.1
Project("{9A19103F-16F7-4668-BE54-9A1E7A4F7556}") = "wba.Assignments.web", "wba.Assignments.web\wba.Assignments.web.csproj", "{547B323C-5B4E-46E6-B0AB-D7249BE4CFC6}"
EndProject
Project("{9A19103F-16F7-4668-BE54-9A1E7A4F7556}") = "wba.Assignments.core", "wba.Assignments.core\wba.Assignments.core.csproj", "{5F07D794-A6F9-43F9-AF86-3D3A455ECD10}"
EndProject
Global
	GlobalSection(SolutionConfigurationPlatforms) = preSolution
		Debug|Any CPU = Debug|Any CPU
		Release|Any CPU = Release|Any CPU
	EndGlobalSection
	GlobalSection(ProjectConfigurationPlatforms) = postSolution
		{547B323C-5B4E-46E6-B0AB-D7249BE4CFC6}.Debug|Any CPU.ActiveCfg = Debug|Any CPU
		{547B323C-5B4E-46E6-B0AB-D7249BE4CFC6}.Debug|Any CPU.Build.0 = Debug|Any CPU
		{547B323C-5B4E-46E6-B0AB-D7249BE4CFC6}.Release|Any CPU.ActiveCfg = Release|Any CPU
		{547B323C-5B4E-46E6-B0AB-D7249BE4CFC6}.Release|Any CPU.Build.0 = Release|Any CPU
		{5F07D794-A6F9-43F9-AF86-3D3A455ECD10}.Debug|Any CPU.ActiveCfg = Debug|Any CPU
		{5F07D794-A6F9-43F9-AF86-3D3A455ECD10}.Debug|Any CPU.Build.0 = Debug|Any CPU
		{5F07D794-A6F9-43F9-AF86-3D3A455ECD10}.Release|Any CPU.ActiveCfg = Release|Any CPU
		{5F07D794-A6F9-43F9-AF86-3D3A455ECD10}.Release|Any CPU.Build.0 = Release|Any CPU
	EndGlobalSection
	GlobalSection(SolutionProperties) = preSolution
		HideSolutionNode = FALSE
	EndGlobalSection
	GlobalSection(ExtensibilityGlobals) = postSolution
		SolutionGuid = {4F13A291-9899-4418-BF1F-12EAB51E8001}
	EndGlobalSection
EndGlobal
